
Microsoft Visual Studio Solution File, Format Version 12.00
# Visual Studio 15
VisualStudioVersion = 15.0.28307.705
MinimumVisualStudioVersion = 10.0.40219.1
Project("{FAE04EC0-301F-11D3-BF4B-00C04F79EFBC}") = "Sesyown", "Sesyown\Sesyown.csproj", "{BA0B2145-D226-4C4D-9B61-A88888E0781E}"
EndProject
Global
	GlobalSection(SolutionConfigurationPlatforms) = preSolution
		Debug|Any CPU = Debug|Any CPU
		Release|Any CPU = Release|Any CPU
	EndGlobalSection
	GlobalSection(ProjectConfigurationPlatforms) = postSolution
		{BA0B2145-D226-4C4D-9B61-A88888E0781E}.Debug|Any CPU.ActiveCfg = Debug|Any CPU
		{BA0B2145-D226-4C4D-9B61-A88888E0781E}.Debug|Any CPU.Build.0 = Debug|Any CPU
		{BA0B2145-D226-4C4D-9B61-A88888E0781E}.Release|Any CPU.ActiveCfg = Release|Any CPU
		{BA0B2145-D226-4C4D-9B61-A88888E0781E}.Release|Any CPU.Build.0 = Release|Any CPU
	EndGlobalSection
	GlobalSection(SolutionProperties) = preSolution
		HideSolutionNode = FALSE
	EndGlobalSection
	GlobalSection(ExtensibilityGlobals) = postSolution
		SolutionGuid = {1A1FD28F-9693-41E9-BCBB-8FED7F8BCCD6}
	EndGlobalSection
EndGlobal
